
Microsoft Visual Studio Solution File, Format Version 12.00
# Visual Studio 15
VisualStudioVersion = 15.0.27703.2026
MinimumVisualStudioVersion = 10.0.40219.1
Project("{FAE04EC0-301F-11D3-BF4B-00C04F79EFBC}") = "SanitizeMe", "SanitizeMe\SanitizeMe.csproj", "{C5669790-1AA6-4BBF-86D3-DB3BAC3EF77B}"
EndProject
Global
	GlobalSection(SolutionConfigurationPlatforms) = preSolution
		Debug|Any CPU = Debug|Any CPU
		Release|Any CPU = Release|Any CPU
	EndGlobalSection
	GlobalSection(ProjectConfigurationPlatforms) = postSolution
		{C5669790-1AA6-4BBF-86D3-DB3BAC3EF77B}.Debug|Any CPU.ActiveCfg = Debug|Any CPU
		{C5669790-1AA6-4BBF-86D3-DB3BAC3EF77B}.Debug|Any CPU.Build.0 = Debug|Any CPU
		{C5669790-1AA6-4BBF-86D3-DB3BAC3EF77B}.Release|Any CPU.ActiveCfg = Release|Any CPU
		{C5669790-1AA6-4BBF-86D3-DB3BAC3EF77B}.Release|Any CPU.Build.0 = Release|Any CPU
	EndGlobalSection
	GlobalSection(SolutionProperties) = preSolution
		HideSolutionNode = FALSE
	EndGlobalSection
	GlobalSection(ExtensibilityGlobals) = postSolution
		SolutionGuid = {DCA79999-68F4-49F5-98CE-6362FBC43687}
	EndGlobalSection
EndGlobal
